# THIS IS AN AUTOGENERATED FILE. DO NOT EDIT THIS FILE DIRECTLY.
# yarn lockfile v1


"@hotwired/stimulus@^3.2.2":
  version "3.2.2"
  resolved "https://registry.yarnpkg.com/@hotwired/stimulus/-/stimulus-3.2.2.tgz#071aab59c600fed95b97939e605ff261a4251608"
  integrity sha512-eGeIqNOQpXoPAIP7tC1+1Yc1yl1xnwYqg+3mzqxyrbE5pg5YFBZcA6YoTiByJB6DKAEsiWtl6tjTJS4IYtbB7A==

es-module-shims@^2.0.10:
  version "2.0.10"
  resolved "https://registry.yarnpkg.com/es-module-shims/-/es-module-shims-2.0.10.tgz#67ad3849ba137496fdc3129e89e5456c4468bc9d"
  integrity sha512-Ub1xUe9v97lKsSnTMfCJvnX6dSmJ3nRVWHpH1szP0RqmLliiBGQiUXLPkz1b0uh6LnPjUdTtND1YjBT+VIuozw==
